%{
  "dialyxir": {:hex, :dialyxir, "1.0.0-rc.6", "78e97d9c0ff1b5521dd68041193891aebebce52fc3b93463c0a6806874557d7d", [:mix], [{:erlex, "~> 0.2.1", [hex: :erlex, repo: "hexpm", optional: false]}], "hexpm", "49496d63267bc1a4614ffd5f67c45d9fc3ea62701a6797975bc98bc156d2763f"},
  "erlex": {:hex, :erlex, "0.2.4", "23791959df45fe8f01f388c6f7eb733cc361668cbeedd801bf491c55a029917b", [:mix], [], "hexpm", "4a12ebc7cd8f24f2d0fce93d279fa34eb5068e0e885bb841d558c4d83c52c439"},
}
